// !$*UTF8*$!
{
	archiveVersion = 1;
	classes = {
	};
	objectVersion = 52;
	objects = {

/* Begin PBXBuildFile section */
		76F933462989EABE004A99A2 /* Tests_iOS.swift in Sources */ = {isa = PBXBuildFile; fileRef = 76F933452989EABE004A99A2 /* Tests_iOS.swift */; };
		76F933512989EABF004A99A2 /* Tests_macOS.swift in Sources */ = {isa = PBXBuildFile; fileRef = 76F933502989EABF004A99A2 /* Tests_macOS.swift */; };
		76F933532989EABF004A99A2 /* IceBreaker_SwiftUI_2023App.swift in Sources */ = {isa = PBXBuildFile; fileRef = 76F9332A2989EAB6004A99A2 /* IceBreaker_SwiftUI_2023App.swift */; };
		76F933542989EABF004A99A2 /* IceBreaker_SwiftUI_2023App.swift in Sources */ = {isa = PBXBuildFile; fileRef = 76F9332A2989EAB6004A99A2 /* IceBreaker_SwiftUI_2023App.swift */; };
		76F933552989EABF004A99A2 /* ContentView.swift in Sources */ = {isa = PBXBuildFile; fileRef = 76F9332B2989EAB6004A99A2 /* ContentView.swift */; };
		76F933562989EABF004A99A2 /* ContentView.swift in Sources */ = {isa = PBXBuildFile; fileRef = 76F9332B2989EAB6004A99A2 /* ContentView.swift */; };
		76F933572989EABF004A99A2 /* Assets.xcassets in Resources */ = {isa = PBXBuildFile; fileRef = 76F9332C2989EABE004A99A2 /* Assets.xcassets */; };
		76F933582989EABF004A99A2 /* Assets.xcassets in Resources */ = {isa = PBXBuildFile; fileRef = 76F9332C2989EABE004A99A2 /* Assets.xcassets */; };
		76F933822989FB8F004A99A2 /* GoogleService-Info.plist in Resources */ = {isa = PBXBuildFile; fileRef = 76F933812989FB8F004A99A2 /* GoogleService-Info.plist */; };
		76F933832989FB8F004A99A2 /* GoogleService-Info.plist in Resources */ = {isa = PBXBuildFile; fileRef = 76F933812989FB8F004A99A2 /* GoogleService-Info.plist */; };
		76F9338A2989FD71004A99A2 /* FirebaseAppDistribution-Beta in Frameworks */ = {isa = PBXBuildFile; productRef = 76F933892989FD71004A99A2 /* FirebaseAppDistribution-Beta */; };
		76F9338C2989FD71004A99A2 /* FirebaseInAppMessaging-Beta in Frameworks */ = {isa = PBXBuildFile; productRef = 76F9338B2989FD71004A99A2 /* FirebaseInAppMessaging-Beta */; };
		76F9338E2989FD71004A99A2 /* FirebaseAnalyticsWithoutAdIdSupport in Frameworks */ = {isa = PBXBuildFile; productRef = 76F9338D2989FD71004A99A2 /* FirebaseAnalyticsWithoutAdIdSupport */; };
		76F933902989FD71004A99A2 /* FirebaseRemoteConfigSwift in Frameworks */ = {isa = PBXBuildFile; productRef = 76F9338F2989FD71004A99A2 /* FirebaseRemoteConfigSwift */; };
		76F933922989FD71004A99A2 /* FirebaseAnalyticsSwift in Frameworks */ = {isa = PBXBuildFile; productRef = 76F933912989FD71004A99A2 /* FirebaseAnalyticsSwift */; };
		76F933942989FD71004A99A2 /* FirebaseFirestore in Frameworks */ = {isa = PBXBuildFile; productRef = 76F933932989FD71004A99A2 /* FirebaseFirestore */; };
		76F933962989FD71004A99A2 /* FirebaseAuthCombine-Community in Frameworks */ = {isa = PBXBuildFile; productRef = 76F933952989FD71004A99A2 /* FirebaseAuthCombine-Community */; };
		76F933982989FD71004A99A2 /* FirebaseInstallations in Frameworks */ = {isa = PBXBuildFile; productRef = 76F933972989FD71004A99A2 /* FirebaseInstallations */; };
		76F9339A2989FD71004A99A2 /* FirebaseDatabaseSwift in Frameworks */ = {isa = PBXBuildFile; productRef = 76F933992989FD71004A99A2 /* FirebaseDatabaseSwift */; };
		76F9339C2989FD71004A99A2 /* FirebaseAnalyticsOnDeviceConversion in Frameworks */ = {isa = PBXBuildFile; productRef = 76F9339B2989FD71004A99A2 /* FirebaseAnalyticsOnDeviceConversion */; };
		76F9339E2989FD71004A99A2 /* FirebaseFunctionsCombine-Community in Frameworks */ = {isa = PBXBuildFile; productRef = 76F9339D2989FD71004A99A2 /* FirebaseFunctionsCombine-Community */; };
		76F933A02989FD71004A99A2 /* FirebaseDatabase in Frameworks */ = {isa = PBXBuildFile; productRef = 76F9339F2989FD71004A99A2 /* FirebaseDatabase */; };
		76F933A22989FD71004A99A2 /* FirebaseAnalytics in Frameworks */ = {isa = PBXBuildFile; productRef = 76F933A12989FD71004A99A2 /* FirebaseAnalytics */; };
		76F933A42989FD71004A99A2 /* FirebasePerformance in Frameworks */ = {isa = PBXBuildFile; productRef = 76F933A32989FD71004A99A2 /* FirebasePerformance */; };
		76F933A62989FD71004A99A2 /* FirebaseRemoteConfig in Frameworks */ = {isa = PBXBuildFile; productRef = 76F933A52989FD71004A99A2 /* FirebaseRemoteConfig */; };
		76F933A82989FD71004A99A2 /* FirebaseAppCheck in Frameworks */ = {isa = PBXBuildFile; productRef = 76F933A72989FD71004A99A2 /* FirebaseAppCheck */; };
		76F933AA2989FD71004A99A2 /* FirebaseFirestoreSwift in Frameworks */ = {isa = PBXBuildFile; productRef = 76F933A92989FD71004A99A2 /* FirebaseFirestoreSwift */; };
		76F933AC2989FD71004A99A2 /* FirebaseAuth in Frameworks */ = {isa = PBXBuildFile; productRef = 76F933AB2989FD71004A99A2 /* FirebaseAuth */; };
		76F933AE2989FD71004A99A2 /* FirebaseInAppMessagingSwift-Beta in Frameworks */ = {isa = PBXBuildFile; productRef = 76F933AD2989FD71004A99A2 /* FirebaseInAppMessagingSwift-Beta */; };
		76F933B02989FD71004A99A2 /* FirebaseStorageCombine-Community in Frameworks */ = {isa = PBXBuildFile; productRef = 76F933AF2989FD71004A99A2 /* FirebaseStorageCombine-Community */; };
		76F933B22989FD71004A99A2 /* FirebaseMLModelDownloader in Frameworks */ = {isa = PBXBuildFile; productRef = 76F933B12989FD71004A99A2 /* FirebaseMLModelDownloader */; };
		76F933B42989FD71004A99A2 /* FirebaseCrashlytics in Frameworks */ = {isa = PBXBuildFile; productRef = 76F933B32989FD71004A99A2 /* FirebaseCrashlytics */; };
		76F933B62989FD71004A99A2 /* FirebaseMessaging in Frameworks */ = {isa = PBXBuildFile; productRef = 76F933B52989FD71004A99A2 /* FirebaseMessaging */; };
		76F933B82989FD71004A99A2 /* FirebaseStorage in Frameworks */ = {isa = PBXBuildFile; productRef = 76F933B72989FD71004A99A2 /* FirebaseStorage */; };
		76F933BA2989FD71004A99A2 /* FirebaseDynamicLinks in Frameworks */ = {isa = PBXBuildFile; productRef = 76F933B92989FD71004A99A2 /* FirebaseDynamicLinks */; };
		76F933BC2989FD71004A99A2 /* FirebaseFunctions in Frameworks */ = {isa = PBXBuildFile; productRef = 76F933BB2989FD71004A99A2 /* FirebaseFunctions */; };
		76F933BE2989FD71004A99A2 /* FirebaseFirestoreCombine-Community in Frameworks */ = {isa = PBXBuildFile; productRef = 76F933BD2989FD71004A99A2 /* FirebaseFirestoreCombine-Community */; };
/* End PBXBuildFile section */

/* Begin PBXContainerItemProxy section */
		76F933422989EABE004A99A2 /* PBXContainerItemProxy */ = {
			isa = PBXContainerItemProxy;
			containerPortal = 76F933252989EAB6004A99A2 /* Project object */;
			proxyType = 1;
			remoteGlobalIDString = 76F933302989EABE004A99A2;
			remoteInfo = "IceBreaker-SwiftUI-2023 (iOS)";
		};
		76F9334D2989EABF004A99A2 /* PBXContainerItemProxy */ = {
			isa = PBXContainerItemProxy;
			containerPortal = 76F933252989EAB6004A99A2 /* Project object */;
			proxyType = 1;
			remoteGlobalIDString = 76F933382989EABE004A99A2;
			remoteInfo = "IceBreaker-SwiftUI-2023 (macOS)";
		};
/* End PBXContainerItemProxy section */

/* Begin PBXFileReference section */
		76F9332A2989EAB6004A99A2 /* IceBreaker_SwiftUI_2023App.swift */ = {isa = PBXFileReference; lastKnownFileType = sourcecode.swift; path = IceBreaker_SwiftUI_2023App.swift; sourceTree = "<group>"; };
		76F9332B2989EAB6004A99A2 /* ContentView.swift */ = {isa = PBXFileReference; lastKnownFileType = sourcecode.swift; path = ContentView.swift; sourceTree = "<group>"; };
		76F9332C2989EABE004A99A2 /* Assets.xcassets */ = {isa = PBXFileReference; lastKnownFileType = folder.assetcatalog; path = Assets.xcassets; sourceTree = "<group>"; };
		76F933312989EABE004A99A2 /* IceBreaker-SwiftUI-2023.app */ = {isa = PBXFileReference; explicitFileType = wrapper.application; includeInIndex = 0; path = "IceBreaker-SwiftUI-2023.app"; sourceTree = BUILT_PRODUCTS_DIR; };
		76F933342989EABE004A99A2 /* Info.plist */ = {isa = PBXFileReference; lastKnownFileType = text.plist.xml; path = Info.plist; sourceTree = "<group>"; };
		76F933392989EABE004A99A2 /* IceBreaker-SwiftUI-2023.app */ = {isa = PBXFileReference; explicitFileType = wrapper.application; includeInIndex = 0; path = "IceBreaker-SwiftUI-2023.app"; sourceTree = BUILT_PRODUCTS_DIR; };
		76F9333B2989EABE004A99A2 /* Info.plist */ = {isa = PBXFileReference; lastKnownFileType = text.plist.xml; path = Info.plist; sourceTree = "<group>"; };
		76F9333C2989EABE004A99A2 /* macOS.entitlements */ = {isa = PBXFileReference; lastKnownFileType = text.plist.entitlements; path = macOS.entitlements; sourceTree = "<group>"; };
		76F933412989EABE004A99A2 /* Tests iOS.xctest */ = {isa = PBXFileReference; explicitFileType = wrapper.cfbundle; includeInIndex = 0; path = "Tests iOS.xctest"; sourceTree = BUILT_PRODUCTS_DIR; };
		76F933452989EABE004A99A2 /* Tests_iOS.swift */ = {isa = PBXFileReference; lastKnownFileType = sourcecode.swift; path = Tests_iOS.swift; sourceTree = "<group>"; };
		76F933472989EABE004A99A2 /* Info.plist */ = {isa = PBXFileReference; lastKnownFileType = text.plist.xml; path = Info.plist; sourceTree = "<group>"; };
		76F9334C2989EABF004A99A2 /* Tests macOS.xctest */ = {isa = PBXFileReference; explicitFileType = wrapper.cfbundle; includeInIndex = 0; path = "Tests macOS.xctest"; sourceTree = BUILT_PRODUCTS_DIR; };
		76F933502989EABF004A99A2 /* Tests_macOS.swift */ = {isa = PBXFileReference; lastKnownFileType = sourcecode.swift; path = Tests_macOS.swift; sourceTree = "<group>"; };
		76F933522989EABF004A99A2 /* Info.plist */ = {isa = PBXFileReference; lastKnownFileType = text.plist.xml; path = Info.plist; sourceTree = "<group>"; };
		76F933812989FB8F004A99A2 /* GoogleService-Info.plist */ = {isa = PBXFileReference; fileEncoding = 4; lastKnownFileType = text.plist.xml; path = "GoogleService-Info.plist"; sourceTree = "<group>"; };
/* End PBXFileReference section */

/* Begin PBXFrameworksBuildPhase section */
		76F9332E2989EABE004A99A2 /* Frameworks */ = {
			isa = PBXFrameworksBuildPhase;
			buildActionMask = 2147483647;
			files = (
				76F933A82989FD71004A99A2 /* FirebaseAppCheck in Frameworks */,
				76F933AA2989FD71004A99A2 /* FirebaseFirestoreSwift in Frameworks */,
				76F933B02989FD71004A99A2 /* FirebaseStorageCombine-Community in Frameworks */,
				76F933BE2989FD71004A99A2 /* FirebaseFirestoreCombine-Community in Frameworks */,
				76F933B62989FD71004A99A2 /* FirebaseMessaging in Frameworks */,
				76F933A42989FD71004A99A2 /* FirebasePerformance in Frameworks */,
				76F933B82989FD71004A99A2 /* FirebaseStorage in Frameworks */,
				76F9338A2989FD71004A99A2 /* FirebaseAppDistribution-Beta in Frameworks */,
				76F933B42989FD71004A99A2 /* FirebaseCrashlytics in Frameworks */,
				76F933902989FD71004A99A2 /* FirebaseRemoteConfigSwift in Frameworks */,
				76F933BC2989FD71004A99A2 /* FirebaseFunctions in Frameworks */,
				76F933B22989FD71004A99A2 /* FirebaseMLModelDownloader in Frameworks */,
				76F9338E2989FD71004A99A2 /* FirebaseAnalyticsWithoutAdIdSupport in Frameworks */,
				76F9339A2989FD71004A99A2 /* FirebaseDatabaseSwift in Frameworks */,
				76F933A22989FD71004A99A2 /* FirebaseAnalytics in Frameworks */,
				76F933982989FD71004A99A2 /* FirebaseInstallations in Frameworks */,
				76F9338C2989FD71004A99A2 /* FirebaseInAppMessaging-Beta in Frameworks */,
				76F933A02989FD71004A99A2 /* FirebaseDatabase in Frameworks */,
				76F933A62989FD71004A99A2 /* FirebaseRemoteConfig in Frameworks */,
				76F933922989FD71004A99A2 /* FirebaseAnalyticsSwift in Frameworks */,
				76F933AC2989FD71004A99A2 /* FirebaseAuth in Frameworks */,
				76F933BA2989FD71004A99A2 /* FirebaseDynamicLinks in Frameworks */,
				76F9339C2989FD71004A99A2 /* FirebaseAnalyticsOnDeviceConversion in Frameworks */,
				76F933962989FD71004A99A2 /* FirebaseAuthCombine-Community in Frameworks */,
				76F933AE2989FD71004A99A2 /* FirebaseInAppMessagingSwift-Beta in Frameworks */,
				76F9339E2989FD71004A99A2 /* FirebaseFunctionsCombine-Community in Frameworks */,
				76F933942989FD71004A99A2 /* FirebaseFirestore in Frameworks */,
			);
			runOnlyForDeploymentPostprocessing = 0;
		};
		76F933362989EABE004A99A2 /* Frameworks */ = {
			isa = PBXFrameworksBuildPhase;
			buildActionMask = 2147483647;
			files = (
			);
			runOnlyForDeploymentPostprocessing = 0;
		};
		76F9333E2989EABE004A99A2 /* Frameworks */ = {
			isa = PBXFrameworksBuildPhase;
			buildActionMask = 2147483647;
			files = (
			);
			runOnlyForDeploymentPostprocessing = 0;
		};
		76F933492989EABE004A99A2 /* Frameworks */ = {
			isa = PBXFrameworksBuildPhase;
			buildActionMask = 2147483647;
			files = (
			);
			runOnlyForDeploymentPostprocessing = 0;
		};
/* End PBXFrameworksBuildPhase section */

/* Begin PBXGroup section */
		76F933242989EAB6004A99A2 = {
			isa = PBXGroup;
			children = (
				76F933292989EAB6004A99A2 /* Shared */,
				76F933332989EABE004A99A2 /* iOS */,
				76F9333A2989EABE004A99A2 /* macOS */,
				76F933442989EABE004A99A2 /* Tests iOS */,
				76F9334F2989EABF004A99A2 /* Tests macOS */,
				76F933322989EABE004A99A2 /* Products */,
			);
			sourceTree = "<group>";
		};
		76F933292989EAB6004A99A2 /* Shared */ = {
			isa = PBXGroup;
			children = (
				76F9332A2989EAB6004A99A2 /* IceBreaker_SwiftUI_2023App.swift */,
				76F9332B2989EAB6004A99A2 /* ContentView.swift */,
				76F9332C2989EABE004A99A2 /* Assets.xcassets */,
				76F933812989FB8F004A99A2 /* GoogleService-Info.plist */,
			);
			path = Shared;
			sourceTree = "<group>";
		};
		76F933322989EABE004A99A2 /* Products */ = {
			isa = PBXGroup;
			children = (
				76F933312989EABE004A99A2 /* IceBreaker-SwiftUI-2023.app */,
				76F933392989EABE004A99A2 /* IceBreaker-SwiftUI-2023.app */,
				76F933412989EABE004A99A2 /* Tests iOS.xctest */,
				76F9334C2989EABF004A99A2 /* Tests macOS.xctest */,
			);
			name = Products;
			sourceTree = "<group>";
		};
		76F933332989EABE004A99A2 /* iOS */ = {
			isa = PBXGroup;
			children = (
				76F933342989EABE004A99A2 /* Info.plist */,
			);
			path = iOS;
			sourceTree = "<group>";
		};
		76F9333A2989EABE004A99A2 /* macOS */ = {
			isa = PBXGroup;
			children = (
				76F9333B2989EABE004A99A2 /* Info.plist */,
				76F9333C2989EABE004A99A2 /* macOS.entitlements */,
			);
			path = macOS;
			sourceTree = "<group>";
		};
		76F933442989EABE004A99A2 /* Tests iOS */ = {
			isa = PBXGroup;
			children = (
				76F933452989EABE004A99A2 /* Tests_iOS.swift */,
				76F933472989EABE004A99A2 /* Info.plist */,
			);
			path = "Tests iOS";
			sourceTree = "<group>";
		};
		76F9334F2989EABF004A99A2 /* Tests macOS */ = {
			isa = PBXGroup;
			children = (
				76F933502989EABF004A99A2 /* Tests_macOS.swift */,
				76F933522989EABF004A99A2 /* Info.plist */,
			);
			path = "Tests macOS";
			sourceTree = "<group>";
		};
/* End PBXGroup section */

/* Begin PBXNativeTarget section */
		76F933302989EABE004A99A2 /* IceBreaker-SwiftUI-2023 (iOS) */ = {
			isa = PBXNativeTarget;
			buildConfigurationList = 76F9335B2989EABF004A99A2 /* Build configuration list for PBXNativeTarget "IceBreaker-SwiftUI-2023 (iOS)" */;
			buildPhases = (
				76F9332D2989EABE004A99A2 /* Sources */,
				76F9332E2989EABE004A99A2 /* Frameworks */,
				76F9332F2989EABE004A99A2 /* Resources */,
			);
			buildRules = (
			);
			dependencies = (
			);
			name = "IceBreaker-SwiftUI-2023 (iOS)";
			packageProductDependencies = (
				76F933892989FD71004A99A2 /* FirebaseAppDistribution-Beta */,
				76F9338B2989FD71004A99A2 /* FirebaseInAppMessaging-Beta */,
				76F9338D2989FD71004A99A2 /* FirebaseAnalyticsWithoutAdIdSupport */,
				76F9338F2989FD71004A99A2 /* FirebaseRemoteConfigSwift */,
				76F933912989FD71004A99A2 /* FirebaseAnalyticsSwift */,
				76F933932989FD71004A99A2 /* FirebaseFirestore */,
				76F933952989FD71004A99A2 /* FirebaseAuthCombine-Community */,
				76F933972989FD71004A99A2 /* FirebaseInstallations */,
				76F933992989FD71004A99A2 /* FirebaseDatabaseSwift */,
				76F9339B2989FD71004A99A2 /* FirebaseAnalyticsOnDeviceConversion */,
				76F9339D2989FD71004A99A2 /* FirebaseFunctionsCombine-Community */,
				76F9339F2989FD71004A99A2 /* FirebaseDatabase */,
				76F933A12989FD71004A99A2 /* FirebaseAnalytics */,
				76F933A32989FD71004A99A2 /* FirebasePerformance */,
				76F933A52989FD71004A99A2 /* FirebaseRemoteConfig */,
				76F933A72989FD71004A99A2 /* FirebaseAppCheck */,
				76F933A92989FD71004A99A2 /* FirebaseFirestoreSwift */,
				76F933AB2989FD71004A99A2 /* FirebaseAuth */,
				76F933AD2989FD71004A99A2 /* FirebaseInAppMessagingSwift-Beta */,
				76F933AF2989FD71004A99A2 /* FirebaseStorageCombine-Community */,
				76F933B12989FD71004A99A2 /* FirebaseMLModelDownloader */,
				76F933B32989FD71004A99A2 /* FirebaseCrashlytics */,
				76F933B52989FD71004A99A2 /* FirebaseMessaging */,
				76F933B72989FD71004A99A2 /* FirebaseStorage */,
				76F933B92989FD71004A99A2 /* FirebaseDynamicLinks */,
				76F933BB2989FD71004A99A2 /* FirebaseFunctions */,
				76F933BD2989FD71004A99A2 /* FirebaseFirestoreCombine-Community */,
			);
			productName = "IceBreaker-SwiftUI-2023 (iOS)";
			productReference = 76F933312989EABE004A99A2 /* IceBreaker-SwiftUI-2023.app */;
			productType = "com.apple.product-type.application";
		};
		76F933382989EABE004A99A2 /* IceBreaker-SwiftUI-2023 (macOS) */ = {
			isa = PBXNativeTarget;
			buildConfigurationList = 76F9335E2989EABF004A99A2 /* Build configuration list for PBXNativeTarget "IceBreaker-SwiftUI-2023 (macOS)" */;
			buildPhases = (
				76F933352989EABE004A99A2 /* Sources */,
				76F933362989EABE004A99A2 /* Frameworks */,
				76F933372989EABE004A99A2 /* Resources */,
			);
			buildRules = (
			);
			dependencies = (
			);
			name = "IceBreaker-SwiftUI-2023 (macOS)";
			productName = "IceBreaker-SwiftUI-2023 (macOS)";
			productReference = 76F933392989EABE004A99A2 /* IceBreaker-SwiftUI-2023.app */;
			productType = "com.apple.product-type.application";
		};
		76F933402989EABE004A99A2 /* Tests iOS */ = {
			isa = PBXNativeTarget;
			buildConfigurationList = 76F933612989EABF004A99A2 /* Build configuration list for PBXNativeTarget "Tests iOS" */;
			buildPhases = (
				76F9333D2989EABE004A99A2 /* Sources */,
				76F9333E2989EABE004A99A2 /* Frameworks */,
				76F9333F2989EABE004A99A2 /* Resources */,
			);
			buildRules = (
			);
			dependencies = (
				76F933432989EABE004A99A2 /* PBXTargetDependency */,
			);
			name = "Tests iOS";
			productName = "Tests iOS";
			productReference = 76F933412989EABE004A99A2 /* Tests iOS.xctest */;
			productType = "com.apple.product-type.bundle.ui-testing";
		};
		76F9334B2989EABE004A99A2 /* Tests macOS */ = {
			isa = PBXNativeTarget;
			buildConfigurationList = 76F933642989EABF004A99A2 /* Build configuration list for PBXNativeTarget "Tests macOS" */;
			buildPhases = (
				76F933482989EABE004A99A2 /* Sources */,
				76F933492989EABE004A99A2 /* Frameworks */,
				76F9334A2989EABE004A99A2 /* Resources */,
			);
			buildRules = (
			);
			dependencies = (
				76F9334E2989EABF004A99A2 /* PBXTargetDependency */,
			);
			name = "Tests macOS";
			productName = "Tests macOS";
			productReference = 76F9334C2989EABF004A99A2 /* Tests macOS.xctest */;
			productType = "com.apple.product-type.bundle.ui-testing";
		};
/* End PBXNativeTarget section */

/* Begin PBXProject section */
		76F933252989EAB6004A99A2 /* Project object */ = {
			isa = PBXProject;
			attributes = {
				LastSwiftUpdateCheck = 1240;
				LastUpgradeCheck = 1240;
				TargetAttributes = {
					76F933302989EABE004A99A2 = {
						CreatedOnToolsVersion = 12.4;
					};
					76F933382989EABE004A99A2 = {
						CreatedOnToolsVersion = 12.4;
					};
					76F933402989EABE004A99A2 = {
						CreatedOnToolsVersion = 12.4;
						TestTargetID = 76F933302989EABE004A99A2;
					};
					76F9334B2989EABE004A99A2 = {
						CreatedOnToolsVersion = 12.4;
						TestTargetID = 76F933382989EABE004A99A2;
					};
				};
			};
			buildConfigurationList = 76F933282989EAB6004A99A2 /* Build configuration list for PBXProject "IceBreaker-SwiftUI-2023" */;
			compatibilityVersion = "Xcode 9.3";
			developmentRegion = en;
			hasScannedForEncodings = 0;
			knownRegions = (
				en,
				Base,
			);
			mainGroup = 76F933242989EAB6004A99A2;
			packageReferences = (
				76F933882989FD71004A99A2 /* XCRemoteSwiftPackageReference "firebase-ios-sdk" */,
			);
			productRefGroup = 76F933322989EABE004A99A2 /* Products */;
			projectDirPath = "";
			projectRoot = "";
			targets = (
				76F933302989EABE004A99A2 /* IceBreaker-SwiftUI-2023 (iOS) */,
				76F933382989EABE004A99A2 /* IceBreaker-SwiftUI-2023 (macOS) */,
				76F933402989EABE004A99A2 /* Tests iOS */,
				76F9334B2989EABE004A99A2 /* Tests macOS */,
			);
		};
/* End PBXProject section */

/* Begin PBXResourcesBuildPhase section */
		76F9332F2989EABE004A99A2 /* Resources */ = {
			isa = PBXResourcesBuildPhase;
			buildActionMask = 2147483647;
			files = (
				76F933572989EABF004A99A2 /* Assets.xcassets in Resources */,
				76F933822989FB8F004A99A2 /* GoogleService-Info.plist in Resources */,
			);
			runOnlyForDeploymentPostprocessing = 0;
		};
		76F933372989EABE004A99A2 /* Resources */ = {
			isa = PBXResourcesBuildPhase;
			buildActionMask = 2147483647;
			files = (
				76F933582989EABF004A99A2 /* Assets.xcassets in Resources */,
				76F933832989FB8F004A99A2 /* GoogleService-Info.plist in Resources */,
			);
			runOnlyForDeploymentPostprocessing = 0;
		};
		76F9333F2989EABE004A99A2 /* Resources */ = {
			isa = PBXResourcesBuildPhase;
			buildActionMask = 2147483647;
			files = (
			);
			runOnlyForDeploymentPostprocessing = 0;
		};
		76F9334A2989EABE004A99A2 /* Resources */ = {
			isa = PBXResourcesBuildPhase;
			buildActionMask = 2147483647;
			files = (
			);
			runOnlyForDeploymentPostprocessing = 0;
		};
/* End PBXResourcesBuildPhase section */

/* Begin PBXSourcesBuildPhase section */
		76F9332D2989EABE004A99A2 /* Sources */ = {
			isa = PBXSourcesBuildPhase;
			buildActionMask = 2147483647;
			files = (
				76F933552989EABF004A99A2 /* ContentView.swift in Sources */,
				76F933532989EABF004A99A2 /* IceBreaker_SwiftUI_2023App.swift in Sources */,
			);
			runOnlyForDeploymentPostprocessing = 0;
		};
		76F933352989EABE004A99A2 /* Sources */ = {
			isa = PBXSourcesBuildPhase;
			buildActionMask = 2147483647;
			files = (
				76F933562989EABF004A99A2 /* ContentView.swift in Sources */,
				76F933542989EABF004A99A2 /* IceBreaker_SwiftUI_2023App.swift in Sources */,
			);
			runOnlyForDeploymentPostprocessing = 0;
		};
		76F9333D2989EABE004A99A2 /* Sources */ = {
			isa = PBXSourcesBuildPhase;
			buildActionMask = 2147483647;
			files = (
				76F933462989EABE004A99A2 /* Tests_iOS.swift in Sources */,
			);
			runOnlyForDeploymentPostprocessing = 0;
		};
		76F933482989EABE004A99A2 /* Sources */ = {
			isa = PBXSourcesBuildPhase;
			buildActionMask = 2147483647;
			files = (
				76F933512989EABF004A99A2 /* Tests_macOS.swift in Sources */,
			);
			runOnlyForDeploymentPostprocessing = 0;
		};
/* End PBXSourcesBuildPhase section */

/* Begin PBXTargetDependency section */
		76F933432989EABE004A99A2 /* PBXTargetDependency */ = {
			isa = PBXTargetDependency;
			target = 76F933302989EABE004A99A2 /* IceBreaker-SwiftUI-2023 (iOS) */;
			targetProxy = 76F933422989EABE004A99A2 /* PBXContainerItemProxy */;
		};
		76F9334E2989EABF004A99A2 /* PBXTargetDependency */ = {
			isa = PBXTargetDependency;
			target = 76F933382989EABE004A99A2 /* IceBreaker-SwiftUI-2023 (macOS) */;
			targetProxy = 76F9334D2989EABF004A99A2 /* PBXContainerItemProxy */;
		};
/* End PBXTargetDependency section */

/* Begin XCBuildConfiguration section */
		76F933592989EABF004A99A2 /* Debug */ = {
			isa = XCBuildConfiguration;
			buildSettings = {
				ALWAYS_SEARCH_USER_PATHS = NO;
				CLANG_ANALYZER_NONNULL = YES;
				CLANG_ANALYZER_NUMBER_OBJECT_CONVERSION = YES_AGGRESSIVE;
				CLANG_CXX_LANGUAGE_STANDARD = "gnu++14";
				CLANG_CXX_LIBRARY = "libc++";
				CLANG_ENABLE_MODULES = YES;
				CLANG_ENABLE_OBJC_ARC = YES;
				CLANG_ENABLE_OBJC_WEAK = YES;
				CLANG_WARN_BLOCK_CAPTURE_AUTORELEASING = YES;
				CLANG_WARN_BOOL_CONVERSION = YES;
				CLANG_WARN_COMMA = YES;
				CLANG_WARN_CONSTANT_CONVERSION = YES;
				CLANG_WARN_DEPRECATED_OBJC_IMPLEMENTATIONS = YES;
				CLANG_WARN_DIRECT_OBJC_ISA_USAGE = YES_ERROR;
				CLANG_WARN_DOCUMENTATION_COMMENTS = YES;
				CLANG_WARN_EMPTY_BODY = YES;
				CLANG_WARN_ENUM_CONVERSION = YES;
				CLANG_WARN_INFINITE_RECURSION = YES;
				CLANG_WARN_INT_CONVERSION = YES;
				CLANG_WARN_NON_LITERAL_NULL_CONVERSION = YES;
				CLANG_WARN_OBJC_IMPLICIT_RETAIN_SELF = YES;
				CLANG_WARN_OBJC_LITERAL_CONVERSION = YES;
				CLANG_WARN_OBJC_ROOT_CLASS = YES_ERROR;
				CLANG_WARN_QUOTED_INCLUDE_IN_FRAMEWORK_HEADER = YES;
				CLANG_WARN_RANGE_LOOP_ANALYSIS = YES;
				CLANG_WARN_STRICT_PROTOTYPES = YES;
				CLANG_WARN_SUSPICIOUS_MOVE = YES;
				CLANG_WARN_UNGUARDED_AVAILABILITY = YES_AGGRESSIVE;
				CLANG_WARN_UNREACHABLE_CODE = YES;
				CLANG_WARN__DUPLICATE_METHOD_MATCH = YES;
				COPY_PHASE_STRIP = NO;
				DEBUG_INFORMATION_FORMAT = dwarf;
				ENABLE_STRICT_OBJC_MSGSEND = YES;
				ENABLE_TESTABILITY = YES;
				GCC_C_LANGUAGE_STANDARD = gnu11;
				GCC_DYNAMIC_NO_PIC = NO;
				GCC_NO_COMMON_BLOCKS = YES;
				GCC_OPTIMIZATION_LEVEL = 0;
				GCC_PREPROCESSOR_DEFINITIONS = (
					"DEBUG=1",
					"$(inherited)",
				);
				GCC_WARN_64_TO_32_BIT_CONVERSION = YES;
				GCC_WARN_ABOUT_RETURN_TYPE = YES_ERROR;
				GCC_WARN_UNDECLARED_SELECTOR = YES;
				GCC_WARN_UNINITIALIZED_AUTOS = YES_AGGRESSIVE;
				GCC_WARN_UNUSED_FUNCTION = YES;
				GCC_WARN_UNUSED_VARIABLE = YES;
				MTL_ENABLE_DEBUG_INFO = INCLUDE_SOURCE;
				MTL_FAST_MATH = YES;
				ONLY_ACTIVE_ARCH = YES;
				SWIFT_ACTIVE_COMPILATION_CONDITIONS = DEBUG;
				SWIFT_OPTIMIZATION_LEVEL = "-Onone";
			};
			name = Debug;
		};
		76F9335A2989EABF004A99A2 /* Release */ = {
			isa = XCBuildConfiguration;
			buildSettings = {
				ALWAYS_SEARCH_USER_PATHS = NO;
				CLANG_ANALYZER_NONNULL = YES;
				CLANG_ANALYZER_NUMBER_OBJECT_CONVERSION = YES_AGGRESSIVE;
				CLANG_CXX_LANGUAGE_STANDARD = "gnu++14";
				CLANG_CXX_LIBRARY = "libc++";
				CLANG_ENABLE_MODULES = YES;
				CLANG_ENABLE_OBJC_ARC = YES;
				CLANG_ENABLE_OBJC_WEAK = YES;
				CLANG_WARN_BLOCK_CAPTURE_AUTORELEASING = YES;
				CLANG_WARN_BOOL_CONVERSION = YES;
				CLANG_WARN_COMMA = YES;
				CLANG_WARN_CONSTANT_CONVERSION = YES;
				CLANG_WARN_DEPRECATED_OBJC_IMPLEMENTATIONS = YES;
				CLANG_WARN_DIRECT_OBJC_ISA_USAGE = YES_ERROR;
				CLANG_WARN_DOCUMENTATION_COMMENTS = YES;
				CLANG_WARN_EMPTY_BODY = YES;
				CLANG_WARN_ENUM_CONVERSION = YES;
				CLANG_WARN_INFINITE_RECURSION = YES;
				CLANG_WARN_INT_CONVERSION = YES;
				CLANG_WARN_NON_LITERAL_NULL_CONVERSION = YES;
				CLANG_WARN_OBJC_IMPLICIT_RETAIN_SELF = YES;
				CLANG_WARN_OBJC_LITERAL_CONVERSION = YES;
				CLANG_WARN_OBJC_ROOT_CLASS = YES_ERROR;
				CLANG_WARN_QUOTED_INCLUDE_IN_FRAMEWORK_HEADER = YES;
				CLANG_WARN_RANGE_LOOP_ANALYSIS = YES;
				CLANG_WARN_STRICT_PROTOTYPES = YES;
				CLANG_WARN_SUSPICIOUS_MOVE = YES;
				CLANG_WARN_UNGUARDED_AVAILABILITY = YES_AGGRESSIVE;
				CLANG_WARN_UNREACHABLE_CODE = YES;
				CLANG_WARN__DUPLICATE_METHOD_MATCH = YES;
				COPY_PHASE_STRIP = NO;
				DEBUG_INFORMATION_FORMAT = "dwarf-with-dsym";
				ENABLE_NS_ASSERTIONS = NO;
				ENABLE_STRICT_OBJC_MSGSEND = YES;
				GCC_C_LANGUAGE_STANDARD = gnu11;
				GCC_NO_COMMON_BLOCKS = YES;
				GCC_WARN_64_TO_32_BIT_CONVERSION = YES;
				GCC_WARN_ABOUT_RETURN_TYPE = YES_ERROR;
				GCC_WARN_UNDECLARED_SELECTOR = YES;
				GCC_WARN_UNINITIALIZED_AUTOS = YES_AGGRESSIVE;
				GCC_WARN_UNUSED_FUNCTION = YES;
				GCC_WARN_UNUSED_VARIABLE = YES;
				MTL_ENABLE_DEBUG_INFO = NO;
				MTL_FAST_MATH = YES;
				SWIFT_COMPILATION_MODE = wholemodule;
				SWIFT_OPTIMIZATION_LEVEL = "-O";
			};
			name = Release;
		};
		76F9335C2989EABF004A99A2 /* Debug */ = {
			isa = XCBuildConfiguration;
			buildSettings = {
				ASSETCATALOG_COMPILER_APPICON_NAME = AppIcon;
				ASSETCATALOG_COMPILER_GLOBAL_ACCENT_COLOR_NAME = AccentColor;
				CODE_SIGN_STYLE = Automatic;
				ENABLE_PREVIEWS = YES;
				INFOPLIST_FILE = iOS/Info.plist;
				IPHONEOS_DEPLOYMENT_TARGET = 14.0;
				LD_RUNPATH_SEARCH_PATHS = (
					"$(inherited)",
					"@executable_path/Frameworks",
				);
				PRODUCT_BUNDLE_IDENTIFIER = "UNH-IOS.IceBreaker-SwiftUI-2023";
				PRODUCT_NAME = "IceBreaker-SwiftUI-2023";
				SDKROOT = iphoneos;
				SWIFT_VERSION = 5.0;
				TARGETED_DEVICE_FAMILY = "1,2";
			};
			name = Debug;
		};
		76F9335D2989EABF004A99A2 /* Release */ = {
			isa = XCBuildConfiguration;
			buildSettings = {
				ASSETCATALOG_COMPILER_APPICON_NAME = AppIcon;
				ASSETCATALOG_COMPILER_GLOBAL_ACCENT_COLOR_NAME = AccentColor;
				CODE_SIGN_STYLE = Automatic;
				ENABLE_PREVIEWS = YES;
				INFOPLIST_FILE = iOS/Info.plist;
				IPHONEOS_DEPLOYMENT_TARGET = 14.0;
				LD_RUNPATH_SEARCH_PATHS = (
					"$(inherited)",
					"@executable_path/Frameworks",
				);
				PRODUCT_BUNDLE_IDENTIFIER = "UNH-IOS.IceBreaker-SwiftUI-2023";
				PRODUCT_NAME = "IceBreaker-SwiftUI-2023";
				SDKROOT = iphoneos;
				SWIFT_VERSION = 5.0;
				TARGETED_DEVICE_FAMILY = "1,2";
				VALIDATE_PRODUCT = YES;
			};
			name = Release;
		};
		76F9335F2989EABF004A99A2 /* Debug */ = {
			isa = XCBuildConfiguration;
			buildSettings = {
				ASSETCATALOG_COMPILER_APPICON_NAME = AppIcon;
				ASSETCATALOG_COMPILER_GLOBAL_ACCENT_COLOR_NAME = AccentColor;
				CODE_SIGN_ENTITLEMENTS = macOS/macOS.entitlements;
				CODE_SIGN_STYLE = Automatic;
				COMBINE_HIDPI_IMAGES = YES;
				ENABLE_PREVIEWS = YES;
				INFOPLIST_FILE = macOS/Info.plist;
				LD_RUNPATH_SEARCH_PATHS = (
					"$(inherited)",
					"@executable_path/../Frameworks",
				);
				MACOSX_DEPLOYMENT_TARGET = 11.0;
				PRODUCT_BUNDLE_IDENTIFIER = "UNH-IOS.IceBreaker-SwiftUI-2023";
				PRODUCT_NAME = "IceBreaker-SwiftUI-2023";
				SDKROOT = macosx;
				SWIFT_VERSION = 5.0;
			};
			name = Debug;
		};
		76F933602989EABF004A99A2 /* Release */ = {
			isa = XCBuildConfiguration;
			buildSettings = {
				ASSETCATALOG_COMPILER_APPICON_NAME = AppIcon;
				ASSETCATALOG_COMPILER_GLOBAL_ACCENT_COLOR_NAME = AccentColor;
				CODE_SIGN_ENTITLEMENTS = macOS/macOS.entitlements;
				CODE_SIGN_STYLE = Automatic;
				COMBINE_HIDPI_IMAGES = YES;
				ENABLE_PREVIEWS = YES;
				INFOPLIST_FILE = macOS/Info.plist;
				LD_RUNPATH_SEARCH_PATHS = (
					"$(inherited)",
					"@executable_path/../Frameworks",
				);
				MACOSX_DEPLOYMENT_TARGET = 11.0;
				PRODUCT_BUNDLE_IDENTIFIER = "UNH-IOS.IceBreaker-SwiftUI-2023";
				PRODUCT_NAME = "IceBreaker-SwiftUI-2023";
				SDKROOT = macosx;
				SWIFT_VERSION = 5.0;
			};
			name = Release;
		};
		76F933622989EABF004A99A2 /* Debug */ = {
			isa = XCBuildConfiguration;
			buildSettings = {
				ALWAYS_EMBED_SWIFT_STANDARD_LIBRARIES = YES;
				CODE_SIGN_STYLE = Automatic;
				INFOPLIST_FILE = "Tests iOS/Info.plist";
				IPHONEOS_DEPLOYMENT_TARGET = 14.4;
				LD_RUNPATH_SEARCH_PATHS = (
					"$(inherited)",
					"@executable_path/Frameworks",
					"@loader_path/Frameworks",
				);
				PRODUCT_BUNDLE_IDENTIFIER = "UNH-IOS.Tests-iOS";
				PRODUCT_NAME = "$(TARGET_NAME)";
				SDKROOT = iphoneos;
				SWIFT_VERSION = 5.0;
				TARGETED_DEVICE_FAMILY = "1,2";
				TEST_TARGET_NAME = "IceBreaker-SwiftUI-2023 (iOS)";
			};
			name = Debug;
		};
		76F933632989EABF004A99A2 /* Release */ = {
			isa = XCBuildConfiguration;
			buildSettings = {
				ALWAYS_EMBED_SWIFT_STANDARD_LIBRARIES = YES;
				CODE_SIGN_STYLE = Automatic;
				INFOPLIST_FILE = "Tests iOS/Info.plist";
				IPHONEOS_DEPLOYMENT_TARGET = 14.4;
				LD_RUNPATH_SEARCH_PATHS = (
					"$(inherited)",
					"@executable_path/Frameworks",
					"@loader_path/Frameworks",
				);
				PRODUCT_BUNDLE_IDENTIFIER = "UNH-IOS.Tests-iOS";
				PRODUCT_NAME = "$(TARGET_NAME)";
				SDKROOT = iphoneos;
				SWIFT_VERSION = 5.0;
				TARGETED_DEVICE_FAMILY = "1,2";
				TEST_TARGET_NAME = "IceBreaker-SwiftUI-2023 (iOS)";
				VALIDATE_PRODUCT = YES;
			};
			name = Release;
		};
		76F933652989EABF004A99A2 /* Debug */ = {
			isa = XCBuildConfiguration;
			buildSettings = {
				ALWAYS_EMBED_SWIFT_STANDARD_LIBRARIES = YES;
				CODE_SIGN_STYLE = Automatic;
				COMBINE_HIDPI_IMAGES = YES;
				INFOPLIST_FILE = "Tests macOS/Info.plist";
				LD_RUNPATH_SEARCH_PATHS = (
					"$(inherited)",
					"@executable_path/../Frameworks",
					"@loader_path/../Frameworks",
				);
				MACOSX_DEPLOYMENT_TARGET = 10.15;
				PRODUCT_BUNDLE_IDENTIFIER = "UNH-IOS.Tests-macOS";
				PRODUCT_NAME = "$(TARGET_NAME)";
				SDKROOT = macosx;
				SWIFT_VERSION = 5.0;
				TEST_TARGET_NAME = "IceBreaker-SwiftUI-2023 (macOS)";
			};
			name = Debug;
		};
		76F933662989EABF004A99A2 /* Release */ = {
			isa = XCBuildConfiguration;
			buildSettings = {
				ALWAYS_EMBED_SWIFT_STANDARD_LIBRARIES = YES;
				CODE_SIGN_STYLE = Automatic;
				COMBINE_HIDPI_IMAGES = YES;
				INFOPLIST_FILE = "Tests macOS/Info.plist";
				LD_RUNPATH_SEARCH_PATHS = (
					"$(inherited)",
					"@executable_path/../Frameworks",
					"@loader_path/../Frameworks",
				);
				MACOSX_DEPLOYMENT_TARGET = 10.15;
				PRODUCT_BUNDLE_IDENTIFIER = "UNH-IOS.Tests-macOS";
				PRODUCT_NAME = "$(TARGET_NAME)";
				SDKROOT = macosx;
				SWIFT_VERSION = 5.0;
				TEST_TARGET_NAME = "IceBreaker-SwiftUI-2023 (macOS)";
			};
			name = Release;
		};
/* End XCBuildConfiguration section */

/* Begin XCConfigurationList section */
		76F933282989EAB6004A99A2 /* Build configuration list for PBXProject "IceBreaker-SwiftUI-2023" */ = {
			isa = XCConfigurationList;
			buildConfigurations = (
				76F933592989EABF004A99A2 /* Debug */,
				76F9335A2989EABF004A99A2 /* Release */,
			);
			defaultConfigurationIsVisible = 0;
			defaultConfigurationName = Release;
		};
		76F9335B2989EABF004A99A2 /* Build configuration list for PBXNativeTarget "IceBreaker-SwiftUI-2023 (iOS)" */ = {
			isa = XCConfigurationList;
			buildConfigurations = (
				76F9335C2989EABF004A99A2 /* Debug */,
				76F9335D2989EABF004A99A2 /* Release */,
			);
			defaultConfigurationIsVisible = 0;
			defaultConfigurationName = Release;
		};
		76F9335E2989EABF004A99A2 /* Build configuration list for PBXNativeTarget "IceBreaker-SwiftUI-2023 (macOS)" */ = {
			isa = XCConfigurationList;
			buildConfigurations = (
				76F9335F2989EABF004A99A2 /* Debug */,
				76F933602989EABF004A99A2 /* Release */,
			);
			defaultConfigurationIsVisible = 0;
			defaultConfigurationName = Release;
		};
		76F933612989EABF004A99A2 /* Build configuration list for PBXNativeTarget "Tests iOS" */ = {
			isa = XCConfigurationList;
			buildConfigurations = (
				76F933622989EABF004A99A2 /* Debug */,
				76F933632989EABF004A99A2 /* Release */,
			);
			defaultConfigurationIsVisible = 0;
			defaultConfigurationName = Release;
		};
		76F933642989EABF004A99A2 /* Build configuration list for PBXNativeTarget "Tests macOS" */ = {
			isa = XCConfigurationList;
			buildConfigurations = (
				76F933652989EABF004A99A2 /* Debug */,
				76F933662989EABF004A99A2 /* Release */,
			);
			defaultConfigurationIsVisible = 0;
			defaultConfigurationName = Release;
		};
/* End XCConfigurationList section */

/* Begin XCRemoteSwiftPackageReference section */
		76F933882989FD71004A99A2 /* XCRemoteSwiftPackageReference "firebase-ios-sdk" */ = {
			isa = XCRemoteSwiftPackageReference;
			repositoryURL = "https://github.com/firebase/firebase-ios-sdk";
			requirement = {
				kind = upToNextMajorVersion;
				minimumVersion = 10.4.0;
			};
		};
/* End XCRemoteSwiftPackageReference section */

/* Begin XCSwiftPackageProductDependency section */
		76F933892989FD71004A99A2 /* FirebaseAppDistribution-Beta */ = {
			isa = XCSwiftPackageProductDependency;
			package = 76F933882989FD71004A99A2 /* XCRemoteSwiftPackageReference "firebase-ios-sdk" */;
			productName = "FirebaseAppDistribution-Beta";
		};
		76F9338B2989FD71004A99A2 /* FirebaseInAppMessaging-Beta */ = {
			isa = XCSwiftPackageProductDependency;
			package = 76F933882989FD71004A99A2 /* XCRemoteSwiftPackageReference "firebase-ios-sdk" */;
			productName = "FirebaseInAppMessaging-Beta";
		};
		76F9338D2989FD71004A99A2 /* FirebaseAnalyticsWithoutAdIdSupport */ = {
			isa = XCSwiftPackageProductDependency;
			package = 76F933882989FD71004A99A2 /* XCRemoteSwiftPackageReference "firebase-ios-sdk" */;
			productName = FirebaseAnalyticsWithoutAdIdSupport;
		};
		76F9338F2989FD71004A99A2 /* FirebaseRemoteConfigSwift */ = {
			isa = XCSwiftPackageProductDependency;
			package = 76F933882989FD71004A99A2 /* XCRemoteSwiftPackageReference "firebase-ios-sdk" */;
			productName = FirebaseRemoteConfigSwift;
		};
		76F933912989FD71004A99A2 /* FirebaseAnalyticsSwift */ = {
			isa = XCSwiftPackageProductDependency;
			package = 76F933882989FD71004A99A2 /* XCRemoteSwiftPackageReference "firebase-ios-sdk" */;
			productName = FirebaseAnalyticsSwift;
		};
		76F933932989FD71004A99A2 /* FirebaseFirestore */ = {
			isa = XCSwiftPackageProductDependency;
			package = 76F933882989FD71004A99A2 /* XCRemoteSwiftPackageReference "firebase-ios-sdk" */;
			productName = FirebaseFirestore;
		};
		76F933952989FD71004A99A2 /* FirebaseAuthCombine-Community */ = {
			isa = XCSwiftPackageProductDependency;
			package = 76F933882989FD71004A99A2 /* XCRemoteSwiftPackageReference "firebase-ios-sdk" */;
			productName = "FirebaseAuthCombine-Community";
		};
		76F933972989FD71004A99A2 /* FirebaseInstallations */ = {
			isa = XCSwiftPackageProductDependency;
			package = 76F933882989FD71004A99A2 /* XCRemoteSwiftPackageReference "firebase-ios-sdk" */;
			productName = FirebaseInstallations;
		};
		76F933992989FD71004A99A2 /* FirebaseDatabaseSwift */ = {
			isa = XCSwiftPackageProductDependency;
			package = 76F933882989FD71004A99A2 /* XCRemoteSwiftPackageReference "firebase-ios-sdk" */;
			productName = FirebaseDatabaseSwift;
		};
		76F9339B2989FD71004A99A2 /* FirebaseAnalyticsOnDeviceConversion */ = {
			isa = XCSwiftPackageProductDependency;
			package = 76F933882989FD71004A99A2 /* XCRemoteSwiftPackageReference "firebase-ios-sdk" */;
			productName = FirebaseAnalyticsOnDeviceConversion;
		};
		76F9339D2989FD71004A99A2 /* FirebaseFunctionsCombine-Community */ = {
			isa = XCSwiftPackageProductDependency;
			package = 76F933882989FD71004A99A2 /* XCRemoteSwiftPackageReference "firebase-ios-sdk" */;
			productName = "FirebaseFunctionsCombine-Community";
		};
		76F9339F2989FD71004A99A2 /* FirebaseDatabase */ = {
			isa = XCSwiftPackageProductDependency;
			package = 76F933882989FD71004A99A2 /* XCRemoteSwiftPackageReference "firebase-ios-sdk" */;
			productName = FirebaseDatabase;
		};
		76F933A12989FD71004A99A2 /* FirebaseAnalytics */ = {
			isa = XCSwiftPackageProductDependency;
			package = 76F933882989FD71004A99A2 /* XCRemoteSwiftPackageReference "firebase-ios-sdk" */;
			productName = FirebaseAnalytics;
		};
		76F933A32989FD71004A99A2 /* FirebasePerformance */ = {
			isa = XCSwiftPackageProductDependency;
			package = 76F933882989FD71004A99A2 /* XCRemoteSwiftPackageReference "firebase-ios-sdk" */;
			productName = FirebasePerformance;
		};
		76F933A52989FD71004A99A2 /* FirebaseRemoteConfig */ = {
			isa = XCSwiftPackageProductDependency;
			package = 76F933882989FD71004A99A2 /* XCRemoteSwiftPackageReference "firebase-ios-sdk" */;
			productName = FirebaseRemoteConfig;
		};
		76F933A72989FD71004A99A2 /* FirebaseAppCheck */ = {
			isa = XCSwiftPackageProductDependency;
			package = 76F933882989FD71004A99A2 /* XCRemoteSwiftPackageReference "firebase-ios-sdk" */;
			productName = FirebaseAppCheck;
		};
		76F933A92989FD71004A99A2 /* FirebaseFirestoreSwift */ = {
			isa = XCSwiftPackageProductDependency;
			package = 76F933882989FD71004A99A2 /* XCRemoteSwiftPackageReference "firebase-ios-sdk" */;
			productName = FirebaseFirestoreSwift;
		};
		76F933AB2989FD71004A99A2 /* FirebaseAuth */ = {
			isa = XCSwiftPackageProductDependency;
			package = 76F933882989FD71004A99A2 /* XCRemoteSwiftPackageReference "firebase-ios-sdk" */;
			productName = FirebaseAuth;
		};
		76F933AD2989FD71004A99A2 /* FirebaseInAppMessagingSwift-Beta */ = {
			isa = XCSwiftPackageProductDependency;
			package = 76F933882989FD71004A99A2 /* XCRemoteSwiftPackageReference "firebase-ios-sdk" */;
			productName = "FirebaseInAppMessagingSwift-Beta";
		};
		76F933AF2989FD71004A99A2 /* FirebaseStorageCombine-Community */ = {
			isa = XCSwiftPackageProductDependency;
			package = 76F933882989FD71004A99A2 /* XCRemoteSwiftPackageReference "firebase-ios-sdk" */;
			productName = "FirebaseStorageCombine-Community";
		};
		76F933B12989FD71004A99A2 /* FirebaseMLModelDownloader */ = {
			isa = XCSwiftPackageProductDependency;
			package = 76F933882989FD71004A99A2 /* XCRemoteSwiftPackageReference "firebase-ios-sdk" */;
			productName = FirebaseMLModelDownloader;
		};
		76F933B32989FD71004A99A2 /* FirebaseCrashlytics */ = {
			isa = XCSwiftPackageProductDependency;
			package = 76F933882989FD71004A99A2 /* XCRemoteSwiftPackageReference "firebase-ios-sdk" */;
			productName = FirebaseCrashlytics;
		};
		76F933B52989FD71004A99A2 /* FirebaseMessaging */ = {
			isa = XCSwiftPackageProductDependency;
			package = 76F933882989FD71004A99A2 /* XCRemoteSwiftPackageReference "firebase-ios-sdk" */;
			productName = FirebaseMessaging;
		};
		76F933B72989FD71004A99A2 /* FirebaseStorage */ = {
			isa = XCSwiftPackageProductDependency;
			package = 76F933882989FD71004A99A2 /* XCRemoteSwiftPackageReference "firebase-ios-sdk" */;
			productName = FirebaseStorage;
		};
		76F933B92989FD71004A99A2 /* FirebaseDynamicLinks */ = {
			isa = XCSwiftPackageProductDependency;
			package = 76F933882989FD71004A99A2 /* XCRemoteSwiftPackageReference "firebase-ios-sdk" */;
			productName = FirebaseDynamicLinks;
		};
		76F933BB2989FD71004A99A2 /* FirebaseFunctions */ = {
			isa = XCSwiftPackageProductDependency;
			package = 76F933882989FD71004A99A2 /* XCRemoteSwiftPackageReference "firebase-ios-sdk" */;
			productName = FirebaseFunctions;
		};
		76F933BD2989FD71004A99A2 /* FirebaseFirestoreCombine-Community */ = {
			isa = XCSwiftPackageProductDependency;
			package = 76F933882989FD71004A99A2 /* XCRemoteSwiftPackageReference "firebase-ios-sdk" */;
			productName = "FirebaseFirestoreCombine-Community";
		};
/* End XCSwiftPackageProductDependency section */
	};
	rootObject = 76F933252989EAB6004A99A2 /* Project object */;
}
